
Microsoft Visual Studio Solution File, Format Version 12.00
# Visual Studio 15
VisualStudioVersion = 15.0.27130.2027
MinimumVisualStudioVersion = 10.0.40219.1
Project("{FAE04EC0-301F-11D3-BF4B-00C04F79EFBC}") = "AutumnBox.GUI", "AutumnBox.GUI\AutumnBox.GUI.csproj", "{55081483-1689-4E52-A4F1-22AB75FF8900}"
EndProject
Project("{9A19103F-16F7-4668-BE54-9A1E7A4F7556}") = "AutumnBox.Basic", "AutumnBox.Basic\AutumnBox.Basic.csproj", "{84044FB2-BD38-4283-8065-B639270ECE0F}"
EndProject
Project("{FAE04EC0-301F-11D3-BF4B-00C04F79EFBC}") = "AutumnBox.ConsoleTester", "AutumnBox.ConsoleTester\AutumnBox.ConsoleTester.csproj", "{AB494016-2D55-4E67-90A7-BC9AE44C4892}"
EndProject
Project("{FAE04EC0-301F-11D3-BF4B-00C04F79EFBC}") = "AutumnBox.Basic.Flows", "AutumnBox.Basic.Flows\AutumnBox.Basic.Flows.csproj", "{3091ECAE-7FF2-421D-B970-1C76D7CAB0C0}"
EndProject
Project("{2150E333-8FDC-42A3-9474-1A3956D46DE8}") = "Solution Items", "Solution Items", "{9C12A545-FC99-4185-86D1-22D029637239}"
	ProjectSection(SolutionItems) = preProject
		README.md = README.md
	EndProjectSection
EndProject
Project("{FAE04EC0-301F-11D3-BF4B-00C04F79EFBC}") = "AutumnBox.GUI.Launcher", "AutumnBox.GUI.Launcher\AutumnBox.GUI.Launcher.csproj", "{1F3778B8-BD3B-4288-A498-FD76D2E84F44}"
EndProject
Project("{2150E333-8FDC-42A3-9474-1A3956D46DE8}") = "Support", "Support", "{AD194958-76D4-4C60-BC3A-A6753B39D060}"
EndProject
Project("{FAE04EC0-301F-11D3-BF4B-00C04F79EFBC}") = "AutumnBox.OpenFramework", "AutumnBox.OpenFramework\AutumnBox.OpenFramework.csproj", "{6516890C-86B6-40A0-8FD0-14FFDD62E1FE}"
EndProject
Project("{2150E333-8FDC-42A3-9474-1A3956D46DE8}") = "Test", "Test", "{ED6D96D8-56EF-4E5B-B43F-100D1DB9EA30}"
EndProject
Project("{FAE04EC0-301F-11D3-BF4B-00C04F79EFBC}") = "AutumnBox.CoreModules", "AutumnBox.CoreModules\AutumnBox.CoreModules.csproj", "{8D9EB8B7-0271-4368-AA27-3DD6B62EEBDE}"
EndProject
Global
	GlobalSection(SolutionConfigurationPlatforms) = preSolution
		Debug|Any CPU = Debug|Any CPU
		Debug|ARM = Debug|ARM
		Debug|x64 = Debug|x64
		Debug|x86 = Debug|x86
		DefaultBuild|Any CPU = DefaultBuild|Any CPU
		DefaultBuild|ARM = DefaultBuild|ARM
		DefaultBuild|x64 = DefaultBuild|x64
		DefaultBuild|x86 = DefaultBuild|x86
		Release|Any CPU = Release|Any CPU
		Release|ARM = Release|ARM
		Release|x64 = Release|x64
		Release|x86 = Release|x86
		SDK|Any CPU = SDK|Any CPU
		SDK|ARM = SDK|ARM
		SDK|x64 = SDK|x64
		SDK|x86 = SDK|x86
	EndGlobalSection
	GlobalSection(ProjectConfigurationPlatforms) = postSolution
		{55081483-1689-4E52-A4F1-22AB75FF8900}.Debug|Any CPU.ActiveCfg = Debug|Any CPU
		{55081483-1689-4E52-A4F1-22AB75FF8900}.Debug|Any CPU.Build.0 = Debug|Any CPU
		{55081483-1689-4E52-A4F1-22AB75FF8900}.Debug|ARM.ActiveCfg = Debug|Any CPU
		{55081483-1689-4E52-A4F1-22AB75FF8900}.Debug|ARM.Build.0 = Debug|Any CPU
		{55081483-1689-4E52-A4F1-22AB75FF8900}.Debug|x64.ActiveCfg = Debug|Any CPU
		{55081483-1689-4E52-A4F1-22AB75FF8900}.Debug|x64.Build.0 = Debug|Any CPU
		{55081483-1689-4E52-A4F1-22AB75FF8900}.Debug|x86.ActiveCfg = Debug|Any CPU
		{55081483-1689-4E52-A4F1-22AB75FF8900}.Debug|x86.Build.0 = Debug|Any CPU
		{55081483-1689-4E52-A4F1-22AB75FF8900}.DefaultBuild|Any CPU.ActiveCfg = Debug|Any CPU
		{55081483-1689-4E52-A4F1-22AB75FF8900}.DefaultBuild|Any CPU.Build.0 = Debug|Any CPU
		{55081483-1689-4E52-A4F1-22AB75FF8900}.DefaultBuild|ARM.ActiveCfg = Debug|Any CPU
		{55081483-1689-4E52-A4F1-22AB75FF8900}.DefaultBuild|ARM.Build.0 = Debug|Any CPU
		{55081483-1689-4E52-A4F1-22AB75FF8900}.DefaultBuild|x64.ActiveCfg = Debug|Any CPU
		{55081483-1689-4E52-A4F1-22AB75FF8900}.DefaultBuild|x64.Build.0 = Debug|Any CPU
		{55081483-1689-4E52-A4F1-22AB75FF8900}.DefaultBuild|x86.ActiveCfg = Debug|Any CPU
		{55081483-1689-4E52-A4F1-22AB75FF8900}.DefaultBuild|x86.Build.0 = Debug|Any CPU
		{55081483-1689-4E52-A4F1-22AB75FF8900}.Release|Any CPU.ActiveCfg = Release|Any CPU
		{55081483-1689-4E52-A4F1-22AB75FF8900}.Release|Any CPU.Build.0 = Release|Any CPU
		{55081483-1689-4E52-A4F1-22AB75FF8900}.Release|ARM.ActiveCfg = Release|Any CPU
		{55081483-1689-4E52-A4F1-22AB75FF8900}.Release|ARM.Build.0 = Release|Any CPU
		{55081483-1689-4E52-A4F1-22AB75FF8900}.Release|x64.ActiveCfg = Release|Any CPU
		{55081483-1689-4E52-A4F1-22AB75FF8900}.Release|x64.Build.0 = Release|Any CPU
		{55081483-1689-4E52-A4F1-22AB75FF8900}.Release|x86.ActiveCfg = Release|Any CPU
		{55081483-1689-4E52-A4F1-22AB75FF8900}.Release|x86.Build.0 = Release|Any CPU
		{55081483-1689-4E52-A4F1-22AB75FF8900}.SDK|Any CPU.ActiveCfg = Debug|Any CPU
		{55081483-1689-4E52-A4F1-22AB75FF8900}.SDK|ARM.ActiveCfg = Release|Any CPU
		{55081483-1689-4E52-A4F1-22AB75FF8900}.SDK|ARM.Build.0 = Release|Any CPU
		{55081483-1689-4E52-A4F1-22AB75FF8900}.SDK|x64.ActiveCfg = Release|Any CPU
		{55081483-1689-4E52-A4F1-22AB75FF8900}.SDK|x64.Build.0 = Release|Any CPU
		{55081483-1689-4E52-A4F1-22AB75FF8900}.SDK|x86.ActiveCfg = Release|Any CPU
		{55081483-1689-4E52-A4F1-22AB75FF8900}.SDK|x86.Build.0 = Release|Any CPU
		{84044FB2-BD38-4283-8065-B639270ECE0F}.Debug|Any CPU.ActiveCfg = Debug|Any CPU
		{84044FB2-BD38-4283-8065-B639270ECE0F}.Debug|Any CPU.Build.0 = Debug|Any CPU
		{84044FB2-BD38-4283-8065-B639270ECE0F}.Debug|ARM.ActiveCfg = Debug|Any CPU
		{84044FB2-BD38-4283-8065-B639270ECE0F}.Debug|ARM.Build.0 = Debug|Any CPU
		{84044FB2-BD38-4283-8065-B639270ECE0F}.Debug|x64.ActiveCfg = Debug|Any CPU
		{84044FB2-BD38-4283-8065-B639270ECE0F}.Debug|x64.Build.0 = Debug|Any CPU
		{84044FB2-BD38-4283-8065-B639270ECE0F}.Debug|x86.ActiveCfg = Debug|Any CPU
		{84044FB2-BD38-4283-8065-B639270ECE0F}.Debug|x86.Build.0 = Debug|Any CPU
		{84044FB2-BD38-4283-8065-B639270ECE0F}.DefaultBuild|Any CPU.ActiveCfg = Debug|Any CPU
		{84044FB2-BD38-4283-8065-B639270ECE0F}.DefaultBuild|Any CPU.Build.0 = Debug|Any CPU
		{84044FB2-BD38-4283-8065-B639270ECE0F}.DefaultBuild|ARM.ActiveCfg = Debug|Any CPU
		{84044FB2-BD38-4283-8065-B639270ECE0F}.DefaultBuild|ARM.Build.0 = Debug|Any CPU
		{84044FB2-BD38-4283-8065-B639270ECE0F}.DefaultBuild|x64.ActiveCfg = Debug|Any CPU
		{84044FB2-BD38-4283-8065-B639270ECE0F}.DefaultBuild|x64.Build.0 = Debug|Any CPU
		{84044FB2-BD38-4283-8065-B639270ECE0F}.DefaultBuild|x86.ActiveCfg = Debug|Any CPU
		{84044FB2-BD38-4283-8065-B639270ECE0F}.DefaultBuild|x86.Build.0 = Debug|Any CPU
		{84044FB2-BD38-4283-8065-B639270ECE0F}.Release|Any CPU.ActiveCfg = Release|Any CPU
		{84044FB2-BD38-4283-8065-B639270ECE0F}.Release|Any CPU.Build.0 = Release|Any CPU
		{84044FB2-BD38-4283-8065-B639270ECE0F}.Release|ARM.ActiveCfg = Release|Any CPU
		{84044FB2-BD38-4283-8065-B639270ECE0F}.Release|ARM.Build.0 = Release|Any CPU
		{84044FB2-BD38-4283-8065-B639270ECE0F}.Release|x64.ActiveCfg = Release|Any CPU
		{84044FB2-BD38-4283-8065-B639270ECE0F}.Release|x64.Build.0 = Release|Any CPU
		{84044FB2-BD38-4283-8065-B639270ECE0F}.Release|x86.ActiveCfg = Release|Any CPU
		{84044FB2-BD38-4283-8065-B639270ECE0F}.Release|x86.Build.0 = Release|Any CPU
		{84044FB2-BD38-4283-8065-B639270ECE0F}.SDK|Any CPU.ActiveCfg = SDK|Any CPU
		{84044FB2-BD38-4283-8065-B639270ECE0F}.SDK|Any CPU.Build.0 = SDK|Any CPU
		{84044FB2-BD38-4283-8065-B639270ECE0F}.SDK|ARM.ActiveCfg = Release|Any CPU
		{84044FB2-BD38-4283-8065-B639270ECE0F}.SDK|ARM.Build.0 = Release|Any CPU
		{84044FB2-BD38-4283-8065-B639270ECE0F}.SDK|x64.ActiveCfg = Release|Any CPU
		{84044FB2-BD38-4283-8065-B639270ECE0F}.SDK|x64.Build.0 = Release|Any CPU
		{84044FB2-BD38-4283-8065-B639270ECE0F}.SDK|x86.ActiveCfg = Release|Any CPU
		{84044FB2-BD38-4283-8065-B639270ECE0F}.SDK|x86.Build.0 = Release|Any CPU
		{AB494016-2D55-4E67-90A7-BC9AE44C4892}.Debug|Any CPU.ActiveCfg = Debug|Any CPU
		{AB494016-2D55-4E67-90A7-BC9AE44C4892}.Debug|Any CPU.Build.0 = Debug|Any CPU
		{AB494016-2D55-4E67-90A7-BC9AE44C4892}.Debug|ARM.ActiveCfg = Debug|Any CPU
		{AB494016-2D55-4E67-90A7-BC9AE44C4892}.Debug|ARM.Build.0 = Debug|Any CPU
		{AB494016-2D55-4E67-90A7-BC9AE44C4892}.Debug|x64.ActiveCfg = Debug|Any CPU
		{AB494016-2D55-4E67-90A7-BC9AE44C4892}.Debug|x64.Build.0 = Debug|Any CPU
		{AB494016-2D55-4E67-90A7-BC9AE44C4892}.Debug|x86.ActiveCfg = Debug|Any CPU
		{AB494016-2D55-4E67-90A7-BC9AE44C4892}.Debug|x86.Build.0 = Debug|Any CPU
		{AB494016-2D55-4E67-90A7-BC9AE44C4892}.DefaultBuild|Any CPU.ActiveCfg = Debug|Any CPU
		{AB494016-2D55-4E67-90A7-BC9AE44C4892}.DefaultBuild|Any CPU.Build.0 = Debug|Any CPU
		{AB494016-2D55-4E67-90A7-BC9AE44C4892}.DefaultBuild|ARM.ActiveCfg = Debug|Any CPU
		{AB494016-2D55-4E67-90A7-BC9AE44C4892}.DefaultBuild|ARM.Build.0 = Debug|Any CPU
		{AB494016-2D55-4E67-90A7-BC9AE44C4892}.DefaultBuild|x64.ActiveCfg = Debug|Any CPU
		{AB494016-2D55-4E67-90A7-BC9AE44C4892}.DefaultBuild|x64.Build.0 = Debug|Any CPU
		{AB494016-2D55-4E67-90A7-BC9AE44C4892}.DefaultBuild|x86.ActiveCfg = Debug|Any CPU
		{AB494016-2D55-4E67-90A7-BC9AE44C4892}.DefaultBuild|x86.Build.0 = Debug|Any CPU
		{AB494016-2D55-4E67-90A7-BC9AE44C4892}.Release|Any CPU.ActiveCfg = Release|Any CPU
		{AB494016-2D55-4E67-90A7-BC9AE44C4892}.Release|Any CPU.Build.0 = Release|Any CPU
		{AB494016-2D55-4E67-90A7-BC9AE44C4892}.Release|ARM.ActiveCfg = Release|Any CPU
		{AB494016-2D55-4E67-90A7-BC9AE44C4892}.Release|ARM.Build.0 = Release|Any CPU
		{AB494016-2D55-4E67-90A7-BC9AE44C4892}.Release|x64.ActiveCfg = Release|Any CPU
		{AB494016-2D55-4E67-90A7-BC9AE44C4892}.Release|x64.Build.0 = Release|Any CPU
		{AB494016-2D55-4E67-90A7-BC9AE44C4892}.Release|x86.ActiveCfg = Release|Any CPU
		{AB494016-2D55-4E67-90A7-BC9AE44C4892}.Release|x86.Build.0 = Release|Any CPU
		{AB494016-2D55-4E67-90A7-BC9AE44C4892}.SDK|Any CPU.ActiveCfg = Debug|Any CPU
		{AB494016-2D55-4E67-90A7-BC9AE44C4892}.SDK|ARM.ActiveCfg = Release|Any CPU
		{AB494016-2D55-4E67-90A7-BC9AE44C4892}.SDK|ARM.Build.0 = Release|Any CPU
		{AB494016-2D55-4E67-90A7-BC9AE44C4892}.SDK|x64.ActiveCfg = Release|Any CPU
		{AB494016-2D55-4E67-90A7-BC9AE44C4892}.SDK|x64.Build.0 = Release|Any CPU
		{AB494016-2D55-4E67-90A7-BC9AE44C4892}.SDK|x86.ActiveCfg = Release|Any CPU
		{AB494016-2D55-4E67-90A7-BC9AE44C4892}.SDK|x86.Build.0 = Release|Any CPU
		{3091ECAE-7FF2-421D-B970-1C76D7CAB0C0}.Debug|Any CPU.ActiveCfg = Debug|Any CPU
		{3091ECAE-7FF2-421D-B970-1C76D7CAB0C0}.Debug|Any CPU.Build.0 = Debug|Any CPU
		{3091ECAE-7FF2-421D-B970-1C76D7CAB0C0}.Debug|ARM.ActiveCfg = Debug|Any CPU
		{3091ECAE-7FF2-421D-B970-1C76D7CAB0C0}.Debug|ARM.Build.0 = Debug|Any CPU
		{3091ECAE-7FF2-421D-B970-1C76D7CAB0C0}.Debug|x64.ActiveCfg = Debug|Any CPU
		{3091ECAE-7FF2-421D-B970-1C76D7CAB0C0}.Debug|x64.Build.0 = Debug|Any CPU
		{3091ECAE-7FF2-421D-B970-1C76D7CAB0C0}.Debug|x86.ActiveCfg = Debug|Any CPU
		{3091ECAE-7FF2-421D-B970-1C76D7CAB0C0}.Debug|x86.Build.0 = Debug|Any CPU
		{3091ECAE-7FF2-421D-B970-1C76D7CAB0C0}.DefaultBuild|Any CPU.ActiveCfg = Debug|Any CPU
		{3091ECAE-7FF2-421D-B970-1C76D7CAB0C0}.DefaultBuild|Any CPU.Build.0 = Debug|Any CPU
		{3091ECAE-7FF2-421D-B970-1C76D7CAB0C0}.DefaultBuild|ARM.ActiveCfg = Debug|Any CPU
		{3091ECAE-7FF2-421D-B970-1C76D7CAB0C0}.DefaultBuild|ARM.Build.0 = Debug|Any CPU
		{3091ECAE-7FF2-421D-B970-1C76D7CAB0C0}.DefaultBuild|x64.ActiveCfg = Debug|Any CPU
		{3091ECAE-7FF2-421D-B970-1C76D7CAB0C0}.DefaultBuild|x64.Build.0 = Debug|Any CPU
		{3091ECAE-7FF2-421D-B970-1C76D7CAB0C0}.DefaultBuild|x86.ActiveCfg = Debug|Any CPU
		{3091ECAE-7FF2-421D-B970-1C76D7CAB0C0}.DefaultBuild|x86.Build.0 = Debug|Any CPU
		{3091ECAE-7FF2-421D-B970-1C76D7CAB0C0}.Release|Any CPU.ActiveCfg = Release|Any CPU
		{3091ECAE-7FF2-421D-B970-1C76D7CAB0C0}.Release|Any CPU.Build.0 = Release|Any CPU
		{3091ECAE-7FF2-421D-B970-1C76D7CAB0C0}.Release|ARM.ActiveCfg = Release|Any CPU
		{3091ECAE-7FF2-421D-B970-1C76D7CAB0C0}.Release|ARM.Build.0 = Release|Any CPU
		{3091ECAE-7FF2-421D-B970-1C76D7CAB0C0}.Release|x64.ActiveCfg = Release|Any CPU
		{3091ECAE-7FF2-421D-B970-1C76D7CAB0C0}.Release|x64.Build.0 = Release|Any CPU
		{3091ECAE-7FF2-421D-B970-1C76D7CAB0C0}.Release|x86.ActiveCfg = Release|Any CPU
		{3091ECAE-7FF2-421D-B970-1C76D7CAB0C0}.Release|x86.Build.0 = Release|Any CPU
		{3091ECAE-7FF2-421D-B970-1C76D7CAB0C0}.SDK|Any CPU.ActiveCfg = SDK|Any CPU
		{3091ECAE-7FF2-421D-B970-1C76D7CAB0C0}.SDK|ARM.ActiveCfg = Release|Any CPU
		{3091ECAE-7FF2-421D-B970-1C76D7CAB0C0}.SDK|ARM.Build.0 = Release|Any CPU
		{3091ECAE-7FF2-421D-B970-1C76D7CAB0C0}.SDK|x64.ActiveCfg = Release|Any CPU
		{3091ECAE-7FF2-421D-B970-1C76D7CAB0C0}.SDK|x64.Build.0 = Release|Any CPU
		{3091ECAE-7FF2-421D-B970-1C76D7CAB0C0}.SDK|x86.ActiveCfg = Release|Any CPU
		{3091ECAE-7FF2-421D-B970-1C76D7CAB0C0}.SDK|x86.Build.0 = Release|Any CPU
		{1F3778B8-BD3B-4288-A498-FD76D2E84F44}.Debug|Any CPU.ActiveCfg = Debug|Any CPU
		{1F3778B8-BD3B-4288-A498-FD76D2E84F44}.Debug|Any CPU.Build.0 = Debug|Any CPU
		{1F3778B8-BD3B-4288-A498-FD76D2E84F44}.Debug|ARM.ActiveCfg = Debug|Any CPU
		{1F3778B8-BD3B-4288-A498-FD76D2E84F44}.Debug|ARM.Build.0 = Debug|Any CPU
		{1F3778B8-BD3B-4288-A498-FD76D2E84F44}.Debug|x64.ActiveCfg = Debug|Any CPU
		{1F3778B8-BD3B-4288-A498-FD76D2E84F44}.Debug|x64.Build.0 = Debug|Any CPU
		{1F3778B8-BD3B-4288-A498-FD76D2E84F44}.Debug|x86.ActiveCfg = Debug|Any CPU
		{1F3778B8-BD3B-4288-A498-FD76D2E84F44}.Debug|x86.Build.0 = Debug|Any CPU
		{1F3778B8-BD3B-4288-A498-FD76D2E84F44}.DefaultBuild|Any CPU.ActiveCfg = Debug|Any CPU
		{1F3778B8-BD3B-4288-A498-FD76D2E84F44}.DefaultBuild|Any CPU.Build.0 = Debug|Any CPU
		{1F3778B8-BD3B-4288-A498-FD76D2E84F44}.DefaultBuild|ARM.ActiveCfg = Debug|Any CPU
		{1F3778B8-BD3B-4288-A498-FD76D2E84F44}.DefaultBuild|ARM.Build.0 = Debug|Any CPU
		{1F3778B8-BD3B-4288-A498-FD76D2E84F44}.DefaultBuild|x64.ActiveCfg = Debug|Any CPU
		{1F3778B8-BD3B-4288-A498-FD76D2E84F44}.DefaultBuild|x64.Build.0 = Debug|Any CPU
		{1F3778B8-BD3B-4288-A498-FD76D2E84F44}.DefaultBuild|x86.ActiveCfg = Debug|Any CPU
		{1F3778B8-BD3B-4288-A498-FD76D2E84F44}.DefaultBuild|x86.Build.0 = Debug|Any CPU
		{1F3778B8-BD3B-4288-A498-FD76D2E84F44}.Release|Any CPU.ActiveCfg = Release|Any CPU
		{1F3778B8-BD3B-4288-A498-FD76D2E84F44}.Release|Any CPU.Build.0 = Release|Any CPU
		{1F3778B8-BD3B-4288-A498-FD76D2E84F44}.Release|ARM.ActiveCfg = Release|Any CPU
		{1F3778B8-BD3B-4288-A498-FD76D2E84F44}.Release|ARM.Build.0 = Release|Any CPU
		{1F3778B8-BD3B-4288-A498-FD76D2E84F44}.Release|x64.ActiveCfg = Release|Any CPU
		{1F3778B8-BD3B-4288-A498-FD76D2E84F44}.Release|x64.Build.0 = Release|Any CPU
		{1F3778B8-BD3B-4288-A498-FD76D2E84F44}.Release|x86.ActiveCfg = Release|Any CPU
		{1F3778B8-BD3B-4288-A498-FD76D2E84F44}.Release|x86.Build.0 = Release|Any CPU
		{1F3778B8-BD3B-4288-A498-FD76D2E84F44}.SDK|Any CPU.ActiveCfg = Debug|Any CPU
		{1F3778B8-BD3B-4288-A498-FD76D2E84F44}.SDK|ARM.ActiveCfg = Release|Any CPU
		{1F3778B8-BD3B-4288-A498-FD76D2E84F44}.SDK|ARM.Build.0 = Release|Any CPU
		{1F3778B8-BD3B-4288-A498-FD76D2E84F44}.SDK|x64.ActiveCfg = Release|Any CPU
		{1F3778B8-BD3B-4288-A498-FD76D2E84F44}.SDK|x64.Build.0 = Release|Any CPU
		{1F3778B8-BD3B-4288-A498-FD76D2E84F44}.SDK|x86.ActiveCfg = Release|Any CPU
		{1F3778B8-BD3B-4288-A498-FD76D2E84F44}.SDK|x86.Build.0 = Release|Any CPU
		{6516890C-86B6-40A0-8FD0-14FFDD62E1FE}.Debug|Any CPU.ActiveCfg = Debug|Any CPU
		{6516890C-86B6-40A0-8FD0-14FFDD62E1FE}.Debug|Any CPU.Build.0 = Debug|Any CPU
		{6516890C-86B6-40A0-8FD0-14FFDD62E1FE}.Debug|ARM.ActiveCfg = Debug|Any CPU
		{6516890C-86B6-40A0-8FD0-14FFDD62E1FE}.Debug|ARM.Build.0 = Debug|Any CPU
		{6516890C-86B6-40A0-8FD0-14FFDD62E1FE}.Debug|x64.ActiveCfg = Debug|Any CPU
		{6516890C-86B6-40A0-8FD0-14FFDD62E1FE}.Debug|x64.Build.0 = Debug|Any CPU
		{6516890C-86B6-40A0-8FD0-14FFDD62E1FE}.Debug|x86.ActiveCfg = Debug|Any CPU
		{6516890C-86B6-40A0-8FD0-14FFDD62E1FE}.Debug|x86.Build.0 = Debug|Any CPU
		{6516890C-86B6-40A0-8FD0-14FFDD62E1FE}.DefaultBuild|Any CPU.ActiveCfg = Debug|Any CPU
		{6516890C-86B6-40A0-8FD0-14FFDD62E1FE}.DefaultBuild|Any CPU.Build.0 = Debug|Any CPU
		{6516890C-86B6-40A0-8FD0-14FFDD62E1FE}.DefaultBuild|ARM.ActiveCfg = Debug|Any CPU
		{6516890C-86B6-40A0-8FD0-14FFDD62E1FE}.DefaultBuild|ARM.Build.0 = Debug|Any CPU
		{6516890C-86B6-40A0-8FD0-14FFDD62E1FE}.DefaultBuild|x64.ActiveCfg = Debug|Any CPU
		{6516890C-86B6-40A0-8FD0-14FFDD62E1FE}.DefaultBuild|x64.Build.0 = Debug|Any CPU
		{6516890C-86B6-40A0-8FD0-14FFDD62E1FE}.DefaultBuild|x86.ActiveCfg = Debug|Any CPU
		{6516890C-86B6-40A0-8FD0-14FFDD62E1FE}.DefaultBuild|x86.Build.0 = Debug|Any CPU
		{6516890C-86B6-40A0-8FD0-14FFDD62E1FE}.Release|Any CPU.ActiveCfg = Release|Any CPU
		{6516890C-86B6-40A0-8FD0-14FFDD62E1FE}.Release|Any CPU.Build.0 = Release|Any CPU
		{6516890C-86B6-40A0-8FD0-14FFDD62E1FE}.Release|ARM.ActiveCfg = Release|Any CPU
		{6516890C-86B6-40A0-8FD0-14FFDD62E1FE}.Release|ARM.Build.0 = Release|Any CPU
		{6516890C-86B6-40A0-8FD0-14FFDD62E1FE}.Release|x64.ActiveCfg = Release|Any CPU
		{6516890C-86B6-40A0-8FD0-14FFDD62E1FE}.Release|x64.Build.0 = Release|Any CPU
		{6516890C-86B6-40A0-8FD0-14FFDD62E1FE}.Release|x86.ActiveCfg = Release|Any CPU
		{6516890C-86B6-40A0-8FD0-14FFDD62E1FE}.Release|x86.Build.0 = Release|Any CPU
		{6516890C-86B6-40A0-8FD0-14FFDD62E1FE}.SDK|Any CPU.ActiveCfg = SDK|Any CPU
		{6516890C-86B6-40A0-8FD0-14FFDD62E1FE}.SDK|Any CPU.Build.0 = SDK|Any CPU
		{6516890C-86B6-40A0-8FD0-14FFDD62E1FE}.SDK|ARM.ActiveCfg = Release|Any CPU
		{6516890C-86B6-40A0-8FD0-14FFDD62E1FE}.SDK|ARM.Build.0 = Release|Any CPU
		{6516890C-86B6-40A0-8FD0-14FFDD62E1FE}.SDK|x64.ActiveCfg = Release|Any CPU
		{6516890C-86B6-40A0-8FD0-14FFDD62E1FE}.SDK|x64.Build.0 = Release|Any CPU
		{6516890C-86B6-40A0-8FD0-14FFDD62E1FE}.SDK|x86.ActiveCfg = Release|Any CPU
		{6516890C-86B6-40A0-8FD0-14FFDD62E1FE}.SDK|x86.Build.0 = Release|Any CPU
		{8D9EB8B7-0271-4368-AA27-3DD6B62EEBDE}.Debug|Any CPU.ActiveCfg = Debug|Any CPU
		{8D9EB8B7-0271-4368-AA27-3DD6B62EEBDE}.Debug|Any CPU.Build.0 = Debug|Any CPU
		{8D9EB8B7-0271-4368-AA27-3DD6B62EEBDE}.Debug|ARM.ActiveCfg = Debug|Any CPU
		{8D9EB8B7-0271-4368-AA27-3DD6B62EEBDE}.Debug|ARM.Build.0 = Debug|Any CPU
		{8D9EB8B7-0271-4368-AA27-3DD6B62EEBDE}.Debug|x64.ActiveCfg = Debug|Any CPU
		{8D9EB8B7-0271-4368-AA27-3DD6B62EEBDE}.Debug|x64.Build.0 = Debug|Any CPU
		{8D9EB8B7-0271-4368-AA27-3DD6B62EEBDE}.Debug|x86.ActiveCfg = Debug|Any CPU
		{8D9EB8B7-0271-4368-AA27-3DD6B62EEBDE}.Debug|x86.Build.0 = Debug|Any CPU
		{8D9EB8B7-0271-4368-AA27-3DD6B62EEBDE}.DefaultBuild|Any CPU.ActiveCfg = Debug|Any CPU
		{8D9EB8B7-0271-4368-AA27-3DD6B62EEBDE}.DefaultBuild|Any CPU.Build.0 = Debug|Any CPU
		{8D9EB8B7-0271-4368-AA27-3DD6B62EEBDE}.DefaultBuild|ARM.ActiveCfg = Debug|Any CPU
		{8D9EB8B7-0271-4368-AA27-3DD6B62EEBDE}.DefaultBuild|ARM.Build.0 = Debug|Any CPU
		{8D9EB8B7-0271-4368-AA27-3DD6B62EEBDE}.DefaultBuild|x64.ActiveCfg = Debug|Any CPU
		{8D9EB8B7-0271-4368-AA27-3DD6B62EEBDE}.DefaultBuild|x64.Build.0 = Debug|Any CPU
		{8D9EB8B7-0271-4368-AA27-3DD6B62EEBDE}.DefaultBuild|x86.ActiveCfg = Debug|Any CPU
		{8D9EB8B7-0271-4368-AA27-3DD6B62EEBDE}.DefaultBuild|x86.Build.0 = Debug|Any CPU
		{8D9EB8B7-0271-4368-AA27-3DD6B62EEBDE}.Release|Any CPU.ActiveCfg = Release|Any CPU
		{8D9EB8B7-0271-4368-AA27-3DD6B62EEBDE}.Release|Any CPU.Build.0 = Release|Any CPU
		{8D9EB8B7-0271-4368-AA27-3DD6B62EEBDE}.Release|ARM.ActiveCfg = Release|Any CPU
		{8D9EB8B7-0271-4368-AA27-3DD6B62EEBDE}.Release|ARM.Build.0 = Release|Any CPU
		{8D9EB8B7-0271-4368-AA27-3DD6B62EEBDE}.Release|x64.ActiveCfg = Release|Any CPU
		{8D9EB8B7-0271-4368-AA27-3DD6B62EEBDE}.Release|x64.Build.0 = Release|Any CPU
		{8D9EB8B7-0271-4368-AA27-3DD6B62EEBDE}.Release|x86.ActiveCfg = Release|Any CPU
		{8D9EB8B7-0271-4368-AA27-3DD6B62EEBDE}.Release|x86.Build.0 = Release|Any CPU
		{8D9EB8B7-0271-4368-AA27-3DD6B62EEBDE}.SDK|Any CPU.ActiveCfg = Release|Any CPU
		{8D9EB8B7-0271-4368-AA27-3DD6B62EEBDE}.SDK|ARM.ActiveCfg = Release|Any CPU
		{8D9EB8B7-0271-4368-AA27-3DD6B62EEBDE}.SDK|ARM.Build.0 = Release|Any CPU
		{8D9EB8B7-0271-4368-AA27-3DD6B62EEBDE}.SDK|x64.ActiveCfg = Release|Any CPU
		{8D9EB8B7-0271-4368-AA27-3DD6B62EEBDE}.SDK|x64.Build.0 = Release|Any CPU
		{8D9EB8B7-0271-4368-AA27-3DD6B62EEBDE}.SDK|x86.ActiveCfg = Release|Any CPU
		{8D9EB8B7-0271-4368-AA27-3DD6B62EEBDE}.SDK|x86.Build.0 = Release|Any CPU
	EndGlobalSection
	GlobalSection(SolutionProperties) = preSolution
		HideSolutionNode = FALSE
	EndGlobalSection
	GlobalSection(NestedProjects) = preSolution
		{AB494016-2D55-4E67-90A7-BC9AE44C4892} = {ED6D96D8-56EF-4E5B-B43F-100D1DB9EA30}
		{3091ECAE-7FF2-421D-B970-1C76D7CAB0C0} = {ED6D96D8-56EF-4E5B-B43F-100D1DB9EA30}
		{1F3778B8-BD3B-4288-A498-FD76D2E84F44} = {AD194958-76D4-4C60-BC3A-A6753B39D060}
	EndGlobalSection
	GlobalSection(ExtensibilityGlobals) = postSolution
		SolutionGuid = {E8E55705-AE5C-4952-B4C7-9D7F81C38731}
		EnterpriseLibraryConfigurationToolBinariesPathV6 = packages\EnterpriseLibrary.Common.6.0.1304.0\lib\NET45;packages\EnterpriseLibrary.PolicyInjection.6.0.1304.0\lib\NET45
	EndGlobalSection
EndGlobal
