
Microsoft Visual Studio Solution File, Format Version 12.00
# Visual Studio 15
VisualStudioVersion = 15.0.26430.13
MinimumVisualStudioVersion = 10.0.40219.1
Project("{FAE04EC0-301F-11D3-BF4B-00C04F79EFBC}") = "AutumnBox", "AutumnBox\AutumnBox.csproj", "{55081483-1689-4E52-A4F1-22AB75FF8900}"
EndProject
Project("{FAE04EC0-301F-11D3-BF4B-00C04F79EFBC}") = "Tester", "Tester\Tester.csproj", "{C7C85D28-289A-4346-8CB6-C1B8226B2292}"
EndProject
Project("{FAE04EC0-301F-11D3-BF4B-00C04F79EFBC}") = "AutumnBox.Basic", "AutumnBox.Basic\AutumnBox.Basic.csproj", "{84044FB2-BD38-4283-8065-B639270ECE0F}"
EndProject
Project("{FAE04EC0-301F-11D3-BF4B-00C04F79EFBC}") = "WpfAnimatedGif", "WpfAnimatedGif\WpfAnimatedGif.csproj", "{D129789C-3096-4D0B-8DD7-FE24A4DF4B21}"
EndProject
Global
	GlobalSection(SolutionConfigurationPlatforms) = preSolution
		Debug|Any CPU = Debug|Any CPU
		Release|Any CPU = Release|Any CPU
	EndGlobalSection
	GlobalSection(ProjectConfigurationPlatforms) = postSolution
		{55081483-1689-4E52-A4F1-22AB75FF8900}.Debug|Any CPU.ActiveCfg = Debug|Any CPU
		{55081483-1689-4E52-A4F1-22AB75FF8900}.Debug|Any CPU.Build.0 = Debug|Any CPU
		{55081483-1689-4E52-A4F1-22AB75FF8900}.Release|Any CPU.ActiveCfg = Release|Any CPU
		{55081483-1689-4E52-A4F1-22AB75FF8900}.Release|Any CPU.Build.0 = Release|Any CPU
		{C7C85D28-289A-4346-8CB6-C1B8226B2292}.Debug|Any CPU.ActiveCfg = Debug|Any CPU
		{C7C85D28-289A-4346-8CB6-C1B8226B2292}.Debug|Any CPU.Build.0 = Debug|Any CPU
		{C7C85D28-289A-4346-8CB6-C1B8226B2292}.Release|Any CPU.ActiveCfg = Release|Any CPU
		{C7C85D28-289A-4346-8CB6-C1B8226B2292}.Release|Any CPU.Build.0 = Release|Any CPU
		{84044FB2-BD38-4283-8065-B639270ECE0F}.Debug|Any CPU.ActiveCfg = Debug|Any CPU
		{84044FB2-BD38-4283-8065-B639270ECE0F}.Debug|Any CPU.Build.0 = Debug|Any CPU
		{84044FB2-BD38-4283-8065-B639270ECE0F}.Release|Any CPU.ActiveCfg = Release|Any CPU
		{84044FB2-BD38-4283-8065-B639270ECE0F}.Release|Any CPU.Build.0 = Release|Any CPU
		{D129789C-3096-4D0B-8DD7-FE24A4DF4B21}.Debug|Any CPU.ActiveCfg = Debug|Any CPU
		{D129789C-3096-4D0B-8DD7-FE24A4DF4B21}.Debug|Any CPU.Build.0 = Debug|Any CPU
		{D129789C-3096-4D0B-8DD7-FE24A4DF4B21}.Release|Any CPU.ActiveCfg = Release|Any CPU
		{D129789C-3096-4D0B-8DD7-FE24A4DF4B21}.Release|Any CPU.Build.0 = Release|Any CPU
	EndGlobalSection
	GlobalSection(SolutionProperties) = preSolution
		HideSolutionNode = FALSE
	EndGlobalSection
EndGlobal
