
Microsoft Visual Studio Solution File, Format Version 12.00
# Visual Studio Version 16
VisualStudioVersion = 16.0.28803.156
MinimumVisualStudioVersion = 10.0.40219.1
Project("{FAE04EC0-301F-11D3-BF4B-00C04F79EFBC}") = "AutumnBox.GUI", "AutumnBox.GUI\AutumnBox.GUI.csproj", "{55081483-1689-4E52-A4F1-22AB75FF8900}"
EndProject
Project("{FAE04EC0-301F-11D3-BF4B-00C04F79EFBC}") = "AutumnBox.CoreModules", "AutumnBox.CoreModules\AutumnBox.CoreModules.csproj", "{8D9EB8B7-0271-4368-AA27-3DD6B62EEBDE}"
EndProject
Project("{D954291E-2A0B-460D-934E-DC6B0785DB48}") = "AutumnBox.Basic.Shared", "AutumnBox.Basic.Shared\AutumnBox.Basic.Shared.shproj", "{8E101F07-8C10-4AB6-A427-F24618C25DE5}"
EndProject
Project("{D954291E-2A0B-460D-934E-DC6B0785DB48}") = "AutumnBox.OpenFramework.Shared", "AutumnBox.OpenFramework.Shared\AutumnBox.OpenFramework.Shared.shproj", "{49E6D09E-B234-4AA4-97B0-E82FB60C36D2}"
EndProject
Project("{2150E333-8FDC-42A3-9474-1A3956D46DE8}") = "Shared", "Shared", "{2377CBDA-1330-43FC-BBD0-9D6B26FD9DA2}"
EndProject
Project("{D954291E-2A0B-460D-934E-DC6B0785DB48}") = "AutumnBox.Logging.Shared", "AutumnBox.Logging.Shared\AutumnBox.Logging.Shared.shproj", "{B29DEA5D-D4C3-4C8B-810E-52466875835D}"
EndProject
Project("{FAE04EC0-301F-11D3-BF4B-00C04F79EFBC}") = "AutumnBox.Tests", "AutumnBox.Tests\AutumnBox.Tests.csproj", "{2CFF3B20-4778-47EF-8D8B-B106F7617954}"
EndProject
Project("{FAE04EC0-301F-11D3-BF4B-00C04F79EFBC}") = "AutumnBox.ADBProvider", "AutumnBox.ADBProvider\AutumnBox.ADBProvider.csproj", "{3274914B-CF88-4101-A74E-D408D16EBA88}"
EndProject
Project("{2150E333-8FDC-42A3-9474-1A3956D46DE8}") = "Extensions", "Extensions", "{15CDF29D-896C-46F4-86D7-92FEED9D4C40}"
EndProject
Project("{FAE04EC0-301F-11D3-BF4B-00C04F79EFBC}") = "AutumnBox.Essentials", "AutumnBox.Essentials\AutumnBox.Essentials.csproj", "{0B61F868-4017-4AFD-89C5-15E08ECF441E}"
EndProject
Project("{D954291E-2A0B-460D-934E-DC6B0785DB48}") = "AutumnBox.Leafx.Shared", "AutumnBox.Leafx.Shared\AutumnBox.Leafx.Shared.shproj", "{D6013EC3-DD68-4945-916D-F77F1EAD7FFF}"
EndProject
Project("{2150E333-8FDC-42A3-9474-1A3956D46DE8}") = "Win32App", "Win32App", "{FCF05A08-6C3E-46DC-A99B-F72B56CD22EB}"
EndProject
Project("{FAE04EC0-301F-11D3-BF4B-00C04F79EFBC}") = "AutumnBox.Core", "AutumnBox.Core\AutumnBox.Core.csproj", "{57722F44-8DBE-46EE-8B7A-80237803A1EC}"
EndProject
Project("{2150E333-8FDC-42A3-9474-1A3956D46DE8}") = "Tests", "Tests", "{B7A3E560-D3F6-4600-A222-2B4B15064381}"
EndProject
Global
	GlobalSection(SharedMSBuildProjectFiles) = preSolution
		AutumnBox.Leafx.Shared\AutumnBox.Leafx.Shared.projitems*{2cff3b20-4778-47ef-8d8b-b106f7617954}*SharedItemsImports = 4
		AutumnBox.Logging.Shared\AutumnBox.Logging.Shared.projitems*{2cff3b20-4778-47ef-8d8b-b106f7617954}*SharedItemsImports = 4
		AutumnBox.OpenFramework.Shared\AutumnBox.OpenFramework.Shared.projitems*{2cff3b20-4778-47ef-8d8b-b106f7617954}*SharedItemsImports = 4
		AutumnBox.OpenFramework.Shared\AutumnBox.OpenFramework.Shared.projitems*{49e6d09e-b234-4aa4-97b0-e82fb60c36d2}*SharedItemsImports = 13
		AutumnBox.Basic.Shared\AutumnBox.Basic.Shared.projitems*{57722f44-8dbe-46ee-8b7a-80237803a1ec}*SharedItemsImports = 4
		AutumnBox.Leafx.Shared\AutumnBox.Leafx.Shared.projitems*{57722f44-8dbe-46ee-8b7a-80237803a1ec}*SharedItemsImports = 4
		AutumnBox.Logging.Shared\AutumnBox.Logging.Shared.projitems*{57722f44-8dbe-46ee-8b7a-80237803a1ec}*SharedItemsImports = 4
		AutumnBox.OpenFramework.Shared\AutumnBox.OpenFramework.Shared.projitems*{57722f44-8dbe-46ee-8b7a-80237803a1ec}*SharedItemsImports = 4
		AutumnBox.Basic.Shared\AutumnBox.Basic.Shared.projitems*{8e101f07-8c10-4ab6-a427-f24618c25de5}*SharedItemsImports = 13
		AutumnBox.Logging.Shared\AutumnBox.Logging.Shared.projitems*{b29dea5d-d4c3-4c8b-810e-52466875835d}*SharedItemsImports = 13
		AutumnBox.Leafx.Shared\AutumnBox.Leafx.Shared.projitems*{d6013ec3-dd68-4945-916d-f77f1ead7fff}*SharedItemsImports = 13
	EndGlobalSection
	GlobalSection(SolutionConfigurationPlatforms) = preSolution
		All|Any CPU = All|Any CPU
		All|ARM = All|ARM
		All|x64 = All|x64
		All|x86 = All|x86
		Core|Any CPU = Core|Any CPU
		Core|ARM = Core|ARM
		Core|x64 = Core|x64
		Core|x86 = Core|x86
		Debug|Any CPU = Debug|Any CPU
		Debug|ARM = Debug|ARM
		Debug|x64 = Debug|x64
		Debug|x86 = Debug|x86
		DefaultBuild|Any CPU = DefaultBuild|Any CPU
		DefaultBuild|ARM = DefaultBuild|ARM
		DefaultBuild|x64 = DefaultBuild|x64
		DefaultBuild|x86 = DefaultBuild|x86
		MainProgramRelease|Any CPU = MainProgramRelease|Any CPU
		MainProgramRelease|ARM = MainProgramRelease|ARM
		MainProgramRelease|x64 = MainProgramRelease|x64
		MainProgramRelease|x86 = MainProgramRelease|x86
		Preview|Any CPU = Preview|Any CPU
		Preview|ARM = Preview|ARM
		Preview|x64 = Preview|x64
		Preview|x86 = Preview|x86
		Release|Any CPU = Release|Any CPU
		Release|ARM = Release|ARM
		Release|x64 = Release|x64
		Release|x86 = Release|x86
		SDK|Any CPU = SDK|Any CPU
		SDK|ARM = SDK|ARM
		SDK|x64 = SDK|x64
		SDK|x86 = SDK|x86
	EndGlobalSection
	GlobalSection(ProjectConfigurationPlatforms) = postSolution
		{55081483-1689-4E52-A4F1-22AB75FF8900}.All|Any CPU.ActiveCfg = SDK|Any CPU
		{55081483-1689-4E52-A4F1-22AB75FF8900}.All|Any CPU.Build.0 = SDK|Any CPU
		{55081483-1689-4E52-A4F1-22AB75FF8900}.All|ARM.ActiveCfg = SDK|Any CPU
		{55081483-1689-4E52-A4F1-22AB75FF8900}.All|ARM.Build.0 = SDK|Any CPU
		{55081483-1689-4E52-A4F1-22AB75FF8900}.All|x64.ActiveCfg = SDK|Any CPU
		{55081483-1689-4E52-A4F1-22AB75FF8900}.All|x64.Build.0 = SDK|Any CPU
		{55081483-1689-4E52-A4F1-22AB75FF8900}.All|x86.ActiveCfg = SDK|Any CPU
		{55081483-1689-4E52-A4F1-22AB75FF8900}.All|x86.Build.0 = SDK|Any CPU
		{55081483-1689-4E52-A4F1-22AB75FF8900}.Core|Any CPU.ActiveCfg = Release|Any CPU
		{55081483-1689-4E52-A4F1-22AB75FF8900}.Core|Any CPU.Build.0 = Release|Any CPU
		{55081483-1689-4E52-A4F1-22AB75FF8900}.Core|ARM.ActiveCfg = Release|Any CPU
		{55081483-1689-4E52-A4F1-22AB75FF8900}.Core|ARM.Build.0 = Release|Any CPU
		{55081483-1689-4E52-A4F1-22AB75FF8900}.Core|x64.ActiveCfg = Release|Any CPU
		{55081483-1689-4E52-A4F1-22AB75FF8900}.Core|x64.Build.0 = Release|Any CPU
		{55081483-1689-4E52-A4F1-22AB75FF8900}.Core|x86.ActiveCfg = Release|Any CPU
		{55081483-1689-4E52-A4F1-22AB75FF8900}.Core|x86.Build.0 = Release|Any CPU
		{55081483-1689-4E52-A4F1-22AB75FF8900}.Debug|Any CPU.ActiveCfg = Debug|Any CPU
		{55081483-1689-4E52-A4F1-22AB75FF8900}.Debug|Any CPU.Build.0 = Debug|Any CPU
		{55081483-1689-4E52-A4F1-22AB75FF8900}.Debug|ARM.ActiveCfg = Debug|Any CPU
		{55081483-1689-4E52-A4F1-22AB75FF8900}.Debug|ARM.Build.0 = Debug|Any CPU
		{55081483-1689-4E52-A4F1-22AB75FF8900}.Debug|x64.ActiveCfg = Debug|Any CPU
		{55081483-1689-4E52-A4F1-22AB75FF8900}.Debug|x64.Build.0 = Debug|Any CPU
		{55081483-1689-4E52-A4F1-22AB75FF8900}.Debug|x86.ActiveCfg = Debug|Any CPU
		{55081483-1689-4E52-A4F1-22AB75FF8900}.Debug|x86.Build.0 = Debug|Any CPU
		{55081483-1689-4E52-A4F1-22AB75FF8900}.DefaultBuild|Any CPU.ActiveCfg = Debug|Any CPU
		{55081483-1689-4E52-A4F1-22AB75FF8900}.DefaultBuild|Any CPU.Build.0 = Debug|Any CPU
		{55081483-1689-4E52-A4F1-22AB75FF8900}.DefaultBuild|ARM.ActiveCfg = Debug|Any CPU
		{55081483-1689-4E52-A4F1-22AB75FF8900}.DefaultBuild|ARM.Build.0 = Debug|Any CPU
		{55081483-1689-4E52-A4F1-22AB75FF8900}.DefaultBuild|x64.ActiveCfg = Debug|Any CPU
		{55081483-1689-4E52-A4F1-22AB75FF8900}.DefaultBuild|x64.Build.0 = Debug|Any CPU
		{55081483-1689-4E52-A4F1-22AB75FF8900}.DefaultBuild|x86.ActiveCfg = Debug|Any CPU
		{55081483-1689-4E52-A4F1-22AB75FF8900}.DefaultBuild|x86.Build.0 = Debug|Any CPU
		{55081483-1689-4E52-A4F1-22AB75FF8900}.MainProgramRelease|Any CPU.ActiveCfg = Release|Any CPU
		{55081483-1689-4E52-A4F1-22AB75FF8900}.MainProgramRelease|Any CPU.Build.0 = Release|Any CPU
		{55081483-1689-4E52-A4F1-22AB75FF8900}.MainProgramRelease|ARM.ActiveCfg = Release|Any CPU
		{55081483-1689-4E52-A4F1-22AB75FF8900}.MainProgramRelease|ARM.Build.0 = Release|Any CPU
		{55081483-1689-4E52-A4F1-22AB75FF8900}.MainProgramRelease|x64.ActiveCfg = Release|Any CPU
		{55081483-1689-4E52-A4F1-22AB75FF8900}.MainProgramRelease|x64.Build.0 = Release|Any CPU
		{55081483-1689-4E52-A4F1-22AB75FF8900}.MainProgramRelease|x86.ActiveCfg = Release|Any CPU
		{55081483-1689-4E52-A4F1-22AB75FF8900}.MainProgramRelease|x86.Build.0 = Release|Any CPU
		{55081483-1689-4E52-A4F1-22AB75FF8900}.Preview|Any CPU.ActiveCfg = Preview|Any CPU
		{55081483-1689-4E52-A4F1-22AB75FF8900}.Preview|Any CPU.Build.0 = Preview|Any CPU
		{55081483-1689-4E52-A4F1-22AB75FF8900}.Preview|ARM.ActiveCfg = Preview|Any CPU
		{55081483-1689-4E52-A4F1-22AB75FF8900}.Preview|ARM.Build.0 = Preview|Any CPU
		{55081483-1689-4E52-A4F1-22AB75FF8900}.Preview|x64.ActiveCfg = Preview|Any CPU
		{55081483-1689-4E52-A4F1-22AB75FF8900}.Preview|x64.Build.0 = Preview|Any CPU
		{55081483-1689-4E52-A4F1-22AB75FF8900}.Preview|x86.ActiveCfg = Preview|Any CPU
		{55081483-1689-4E52-A4F1-22AB75FF8900}.Preview|x86.Build.0 = Preview|Any CPU
		{55081483-1689-4E52-A4F1-22AB75FF8900}.Release|Any CPU.ActiveCfg = Release|Any CPU
		{55081483-1689-4E52-A4F1-22AB75FF8900}.Release|Any CPU.Build.0 = Release|Any CPU
		{55081483-1689-4E52-A4F1-22AB75FF8900}.Release|ARM.ActiveCfg = Release|Any CPU
		{55081483-1689-4E52-A4F1-22AB75FF8900}.Release|ARM.Build.0 = Release|Any CPU
		{55081483-1689-4E52-A4F1-22AB75FF8900}.Release|x64.ActiveCfg = Release|Any CPU
		{55081483-1689-4E52-A4F1-22AB75FF8900}.Release|x64.Build.0 = Release|Any CPU
		{55081483-1689-4E52-A4F1-22AB75FF8900}.Release|x86.ActiveCfg = Release|Any CPU
		{55081483-1689-4E52-A4F1-22AB75FF8900}.Release|x86.Build.0 = Release|Any CPU
		{55081483-1689-4E52-A4F1-22AB75FF8900}.SDK|Any CPU.ActiveCfg = SDK|Any CPU
		{55081483-1689-4E52-A4F1-22AB75FF8900}.SDK|ARM.ActiveCfg = SDK|Any CPU
		{55081483-1689-4E52-A4F1-22AB75FF8900}.SDK|ARM.Build.0 = SDK|Any CPU
		{55081483-1689-4E52-A4F1-22AB75FF8900}.SDK|x64.ActiveCfg = SDK|Any CPU
		{55081483-1689-4E52-A4F1-22AB75FF8900}.SDK|x86.ActiveCfg = SDK|Any CPU
		{8D9EB8B7-0271-4368-AA27-3DD6B62EEBDE}.All|Any CPU.ActiveCfg = SDK|Any CPU
		{8D9EB8B7-0271-4368-AA27-3DD6B62EEBDE}.All|Any CPU.Build.0 = SDK|Any CPU
		{8D9EB8B7-0271-4368-AA27-3DD6B62EEBDE}.All|ARM.ActiveCfg = SDK|Any CPU
		{8D9EB8B7-0271-4368-AA27-3DD6B62EEBDE}.All|ARM.Build.0 = SDK|Any CPU
		{8D9EB8B7-0271-4368-AA27-3DD6B62EEBDE}.All|x64.ActiveCfg = SDK|Any CPU
		{8D9EB8B7-0271-4368-AA27-3DD6B62EEBDE}.All|x64.Build.0 = SDK|Any CPU
		{8D9EB8B7-0271-4368-AA27-3DD6B62EEBDE}.All|x86.ActiveCfg = SDK|Any CPU
		{8D9EB8B7-0271-4368-AA27-3DD6B62EEBDE}.All|x86.Build.0 = SDK|Any CPU
		{8D9EB8B7-0271-4368-AA27-3DD6B62EEBDE}.Core|Any CPU.ActiveCfg = Release|Any CPU
		{8D9EB8B7-0271-4368-AA27-3DD6B62EEBDE}.Core|Any CPU.Build.0 = Release|Any CPU
		{8D9EB8B7-0271-4368-AA27-3DD6B62EEBDE}.Core|ARM.ActiveCfg = Release|Any CPU
		{8D9EB8B7-0271-4368-AA27-3DD6B62EEBDE}.Core|ARM.Build.0 = Release|Any CPU
		{8D9EB8B7-0271-4368-AA27-3DD6B62EEBDE}.Core|x64.ActiveCfg = Release|Any CPU
		{8D9EB8B7-0271-4368-AA27-3DD6B62EEBDE}.Core|x64.Build.0 = Release|Any CPU
		{8D9EB8B7-0271-4368-AA27-3DD6B62EEBDE}.Core|x86.ActiveCfg = Release|Any CPU
		{8D9EB8B7-0271-4368-AA27-3DD6B62EEBDE}.Debug|Any CPU.ActiveCfg = Debug|Any CPU
		{8D9EB8B7-0271-4368-AA27-3DD6B62EEBDE}.Debug|Any CPU.Build.0 = Debug|Any CPU
		{8D9EB8B7-0271-4368-AA27-3DD6B62EEBDE}.Debug|ARM.ActiveCfg = Debug|Any CPU
		{8D9EB8B7-0271-4368-AA27-3DD6B62EEBDE}.Debug|ARM.Build.0 = Debug|Any CPU
		{8D9EB8B7-0271-4368-AA27-3DD6B62EEBDE}.Debug|x64.ActiveCfg = Debug|Any CPU
		{8D9EB8B7-0271-4368-AA27-3DD6B62EEBDE}.Debug|x64.Build.0 = Debug|Any CPU
		{8D9EB8B7-0271-4368-AA27-3DD6B62EEBDE}.Debug|x86.ActiveCfg = Debug|Any CPU
		{8D9EB8B7-0271-4368-AA27-3DD6B62EEBDE}.Debug|x86.Build.0 = Debug|Any CPU
		{8D9EB8B7-0271-4368-AA27-3DD6B62EEBDE}.DefaultBuild|Any CPU.ActiveCfg = Debug|Any CPU
		{8D9EB8B7-0271-4368-AA27-3DD6B62EEBDE}.DefaultBuild|Any CPU.Build.0 = Debug|Any CPU
		{8D9EB8B7-0271-4368-AA27-3DD6B62EEBDE}.DefaultBuild|ARM.ActiveCfg = Debug|Any CPU
		{8D9EB8B7-0271-4368-AA27-3DD6B62EEBDE}.DefaultBuild|ARM.Build.0 = Debug|Any CPU
		{8D9EB8B7-0271-4368-AA27-3DD6B62EEBDE}.DefaultBuild|x64.ActiveCfg = Debug|Any CPU
		{8D9EB8B7-0271-4368-AA27-3DD6B62EEBDE}.DefaultBuild|x64.Build.0 = Debug|Any CPU
		{8D9EB8B7-0271-4368-AA27-3DD6B62EEBDE}.DefaultBuild|x86.ActiveCfg = Debug|Any CPU
		{8D9EB8B7-0271-4368-AA27-3DD6B62EEBDE}.DefaultBuild|x86.Build.0 = Debug|Any CPU
		{8D9EB8B7-0271-4368-AA27-3DD6B62EEBDE}.MainProgramRelease|Any CPU.ActiveCfg = Release|Any CPU
		{8D9EB8B7-0271-4368-AA27-3DD6B62EEBDE}.MainProgramRelease|Any CPU.Build.0 = Release|Any CPU
		{8D9EB8B7-0271-4368-AA27-3DD6B62EEBDE}.MainProgramRelease|ARM.ActiveCfg = Release|Any CPU
		{8D9EB8B7-0271-4368-AA27-3DD6B62EEBDE}.MainProgramRelease|ARM.Build.0 = Release|Any CPU
		{8D9EB8B7-0271-4368-AA27-3DD6B62EEBDE}.MainProgramRelease|x64.ActiveCfg = Release|Any CPU
		{8D9EB8B7-0271-4368-AA27-3DD6B62EEBDE}.MainProgramRelease|x64.Build.0 = Release|Any CPU
		{8D9EB8B7-0271-4368-AA27-3DD6B62EEBDE}.MainProgramRelease|x86.ActiveCfg = Release|Any CPU
		{8D9EB8B7-0271-4368-AA27-3DD6B62EEBDE}.MainProgramRelease|x86.Build.0 = Release|Any CPU
		{8D9EB8B7-0271-4368-AA27-3DD6B62EEBDE}.Preview|Any CPU.ActiveCfg = Preview|Any CPU
		{8D9EB8B7-0271-4368-AA27-3DD6B62EEBDE}.Preview|Any CPU.Build.0 = Preview|Any CPU
		{8D9EB8B7-0271-4368-AA27-3DD6B62EEBDE}.Preview|ARM.ActiveCfg = Preview|Any CPU
		{8D9EB8B7-0271-4368-AA27-3DD6B62EEBDE}.Preview|ARM.Build.0 = Preview|Any CPU
		{8D9EB8B7-0271-4368-AA27-3DD6B62EEBDE}.Preview|x64.ActiveCfg = Preview|Any CPU
		{8D9EB8B7-0271-4368-AA27-3DD6B62EEBDE}.Preview|x64.Build.0 = Preview|Any CPU
		{8D9EB8B7-0271-4368-AA27-3DD6B62EEBDE}.Preview|x86.ActiveCfg = Preview|Any CPU
		{8D9EB8B7-0271-4368-AA27-3DD6B62EEBDE}.Preview|x86.Build.0 = Preview|Any CPU
		{8D9EB8B7-0271-4368-AA27-3DD6B62EEBDE}.Release|Any CPU.ActiveCfg = Release|Any CPU
		{8D9EB8B7-0271-4368-AA27-3DD6B62EEBDE}.Release|Any CPU.Build.0 = Release|Any CPU
		{8D9EB8B7-0271-4368-AA27-3DD6B62EEBDE}.Release|ARM.ActiveCfg = Release|Any CPU
		{8D9EB8B7-0271-4368-AA27-3DD6B62EEBDE}.Release|ARM.Build.0 = Release|Any CPU
		{8D9EB8B7-0271-4368-AA27-3DD6B62EEBDE}.Release|x64.ActiveCfg = Release|Any CPU
		{8D9EB8B7-0271-4368-AA27-3DD6B62EEBDE}.Release|x64.Build.0 = Release|Any CPU
		{8D9EB8B7-0271-4368-AA27-3DD6B62EEBDE}.Release|x86.ActiveCfg = Release|Any CPU
		{8D9EB8B7-0271-4368-AA27-3DD6B62EEBDE}.Release|x86.Build.0 = Release|Any CPU
		{8D9EB8B7-0271-4368-AA27-3DD6B62EEBDE}.SDK|Any CPU.ActiveCfg = SDK|Any CPU
		{8D9EB8B7-0271-4368-AA27-3DD6B62EEBDE}.SDK|ARM.ActiveCfg = SDK|Any CPU
		{8D9EB8B7-0271-4368-AA27-3DD6B62EEBDE}.SDK|ARM.Build.0 = SDK|Any CPU
		{8D9EB8B7-0271-4368-AA27-3DD6B62EEBDE}.SDK|x64.ActiveCfg = Release|Any CPU
		{8D9EB8B7-0271-4368-AA27-3DD6B62EEBDE}.SDK|x86.ActiveCfg = SDK|Any CPU
		{2CFF3B20-4778-47EF-8D8B-B106F7617954}.All|Any CPU.ActiveCfg = Release|Any CPU
		{2CFF3B20-4778-47EF-8D8B-B106F7617954}.All|Any CPU.Build.0 = Release|Any CPU
		{2CFF3B20-4778-47EF-8D8B-B106F7617954}.All|ARM.ActiveCfg = Release|Any CPU
		{2CFF3B20-4778-47EF-8D8B-B106F7617954}.All|ARM.Build.0 = Release|Any CPU
		{2CFF3B20-4778-47EF-8D8B-B106F7617954}.All|x64.ActiveCfg = Release|Any CPU
		{2CFF3B20-4778-47EF-8D8B-B106F7617954}.All|x64.Build.0 = Release|Any CPU
		{2CFF3B20-4778-47EF-8D8B-B106F7617954}.All|x86.ActiveCfg = Release|Any CPU
		{2CFF3B20-4778-47EF-8D8B-B106F7617954}.All|x86.Build.0 = Release|Any CPU
		{2CFF3B20-4778-47EF-8D8B-B106F7617954}.Core|Any CPU.ActiveCfg = Debug|Any CPU
		{2CFF3B20-4778-47EF-8D8B-B106F7617954}.Core|Any CPU.Build.0 = Debug|Any CPU
		{2CFF3B20-4778-47EF-8D8B-B106F7617954}.Core|ARM.ActiveCfg = Debug|Any CPU
		{2CFF3B20-4778-47EF-8D8B-B106F7617954}.Core|ARM.Build.0 = Debug|Any CPU
		{2CFF3B20-4778-47EF-8D8B-B106F7617954}.Core|x64.ActiveCfg = Debug|Any CPU
		{2CFF3B20-4778-47EF-8D8B-B106F7617954}.Core|x64.Build.0 = Debug|Any CPU
		{2CFF3B20-4778-47EF-8D8B-B106F7617954}.Core|x86.ActiveCfg = Debug|Any CPU
		{2CFF3B20-4778-47EF-8D8B-B106F7617954}.Debug|Any CPU.ActiveCfg = Debug|Any CPU
		{2CFF3B20-4778-47EF-8D8B-B106F7617954}.Debug|Any CPU.Build.0 = Debug|Any CPU
		{2CFF3B20-4778-47EF-8D8B-B106F7617954}.Debug|ARM.ActiveCfg = Debug|Any CPU
		{2CFF3B20-4778-47EF-8D8B-B106F7617954}.Debug|ARM.Build.0 = Debug|Any CPU
		{2CFF3B20-4778-47EF-8D8B-B106F7617954}.Debug|x64.ActiveCfg = Debug|Any CPU
		{2CFF3B20-4778-47EF-8D8B-B106F7617954}.Debug|x64.Build.0 = Debug|Any CPU
		{2CFF3B20-4778-47EF-8D8B-B106F7617954}.Debug|x86.ActiveCfg = Debug|Any CPU
		{2CFF3B20-4778-47EF-8D8B-B106F7617954}.Debug|x86.Build.0 = Debug|Any CPU
		{2CFF3B20-4778-47EF-8D8B-B106F7617954}.DefaultBuild|Any CPU.ActiveCfg = Debug|Any CPU
		{2CFF3B20-4778-47EF-8D8B-B106F7617954}.DefaultBuild|Any CPU.Build.0 = Debug|Any CPU
		{2CFF3B20-4778-47EF-8D8B-B106F7617954}.DefaultBuild|ARM.ActiveCfg = Debug|Any CPU
		{2CFF3B20-4778-47EF-8D8B-B106F7617954}.DefaultBuild|ARM.Build.0 = Debug|Any CPU
		{2CFF3B20-4778-47EF-8D8B-B106F7617954}.DefaultBuild|x64.ActiveCfg = Debug|Any CPU
		{2CFF3B20-4778-47EF-8D8B-B106F7617954}.DefaultBuild|x64.Build.0 = Debug|Any CPU
		{2CFF3B20-4778-47EF-8D8B-B106F7617954}.DefaultBuild|x86.ActiveCfg = Debug|Any CPU
		{2CFF3B20-4778-47EF-8D8B-B106F7617954}.DefaultBuild|x86.Build.0 = Debug|Any CPU
		{2CFF3B20-4778-47EF-8D8B-B106F7617954}.MainProgramRelease|Any CPU.ActiveCfg = Release|Any CPU
		{2CFF3B20-4778-47EF-8D8B-B106F7617954}.MainProgramRelease|Any CPU.Build.0 = Release|Any CPU
		{2CFF3B20-4778-47EF-8D8B-B106F7617954}.MainProgramRelease|ARM.ActiveCfg = Release|Any CPU
		{2CFF3B20-4778-47EF-8D8B-B106F7617954}.MainProgramRelease|ARM.Build.0 = Release|Any CPU
		{2CFF3B20-4778-47EF-8D8B-B106F7617954}.MainProgramRelease|x64.ActiveCfg = Release|Any CPU
		{2CFF3B20-4778-47EF-8D8B-B106F7617954}.MainProgramRelease|x64.Build.0 = Release|Any CPU
		{2CFF3B20-4778-47EF-8D8B-B106F7617954}.MainProgramRelease|x86.ActiveCfg = Release|Any CPU
		{2CFF3B20-4778-47EF-8D8B-B106F7617954}.MainProgramRelease|x86.Build.0 = Release|Any CPU
		{2CFF3B20-4778-47EF-8D8B-B106F7617954}.Preview|Any CPU.ActiveCfg = Release|Any CPU
		{2CFF3B20-4778-47EF-8D8B-B106F7617954}.Preview|Any CPU.Build.0 = Release|Any CPU
		{2CFF3B20-4778-47EF-8D8B-B106F7617954}.Preview|ARM.ActiveCfg = Release|Any CPU
		{2CFF3B20-4778-47EF-8D8B-B106F7617954}.Preview|ARM.Build.0 = Release|Any CPU
		{2CFF3B20-4778-47EF-8D8B-B106F7617954}.Preview|x64.ActiveCfg = Release|Any CPU
		{2CFF3B20-4778-47EF-8D8B-B106F7617954}.Preview|x64.Build.0 = Release|Any CPU
		{2CFF3B20-4778-47EF-8D8B-B106F7617954}.Preview|x86.ActiveCfg = Release|Any CPU
		{2CFF3B20-4778-47EF-8D8B-B106F7617954}.Preview|x86.Build.0 = Release|Any CPU
		{2CFF3B20-4778-47EF-8D8B-B106F7617954}.Release|Any CPU.ActiveCfg = Release|Any CPU
		{2CFF3B20-4778-47EF-8D8B-B106F7617954}.Release|Any CPU.Build.0 = Release|Any CPU
		{2CFF3B20-4778-47EF-8D8B-B106F7617954}.Release|ARM.ActiveCfg = Release|Any CPU
		{2CFF3B20-4778-47EF-8D8B-B106F7617954}.Release|ARM.Build.0 = Release|Any CPU
		{2CFF3B20-4778-47EF-8D8B-B106F7617954}.Release|x64.ActiveCfg = Release|Any CPU
		{2CFF3B20-4778-47EF-8D8B-B106F7617954}.Release|x64.Build.0 = Release|Any CPU
		{2CFF3B20-4778-47EF-8D8B-B106F7617954}.Release|x86.ActiveCfg = Release|Any CPU
		{2CFF3B20-4778-47EF-8D8B-B106F7617954}.Release|x86.Build.0 = Release|Any CPU
		{2CFF3B20-4778-47EF-8D8B-B106F7617954}.SDK|Any CPU.ActiveCfg = Release|Any CPU
		{2CFF3B20-4778-47EF-8D8B-B106F7617954}.SDK|Any CPU.Build.0 = Release|Any CPU
		{2CFF3B20-4778-47EF-8D8B-B106F7617954}.SDK|ARM.ActiveCfg = Release|Any CPU
		{2CFF3B20-4778-47EF-8D8B-B106F7617954}.SDK|ARM.Build.0 = Release|Any CPU
		{2CFF3B20-4778-47EF-8D8B-B106F7617954}.SDK|x64.ActiveCfg = Release|Any CPU
		{2CFF3B20-4778-47EF-8D8B-B106F7617954}.SDK|x86.ActiveCfg = Release|Any CPU
		{2CFF3B20-4778-47EF-8D8B-B106F7617954}.SDK|x86.Build.0 = Release|Any CPU
		{3274914B-CF88-4101-A74E-D408D16EBA88}.All|Any CPU.ActiveCfg = Release|Any CPU
		{3274914B-CF88-4101-A74E-D408D16EBA88}.All|Any CPU.Build.0 = Release|Any CPU
		{3274914B-CF88-4101-A74E-D408D16EBA88}.All|ARM.ActiveCfg = Release|Any CPU
		{3274914B-CF88-4101-A74E-D408D16EBA88}.All|ARM.Build.0 = Release|Any CPU
		{3274914B-CF88-4101-A74E-D408D16EBA88}.All|x64.ActiveCfg = Release|Any CPU
		{3274914B-CF88-4101-A74E-D408D16EBA88}.All|x64.Build.0 = Release|Any CPU
		{3274914B-CF88-4101-A74E-D408D16EBA88}.All|x86.ActiveCfg = Release|Any CPU
		{3274914B-CF88-4101-A74E-D408D16EBA88}.All|x86.Build.0 = Release|Any CPU
		{3274914B-CF88-4101-A74E-D408D16EBA88}.Core|Any CPU.ActiveCfg = Debug|Any CPU
		{3274914B-CF88-4101-A74E-D408D16EBA88}.Core|Any CPU.Build.0 = Debug|Any CPU
		{3274914B-CF88-4101-A74E-D408D16EBA88}.Core|ARM.ActiveCfg = Debug|Any CPU
		{3274914B-CF88-4101-A74E-D408D16EBA88}.Core|ARM.Build.0 = Debug|Any CPU
		{3274914B-CF88-4101-A74E-D408D16EBA88}.Core|x64.ActiveCfg = Debug|Any CPU
		{3274914B-CF88-4101-A74E-D408D16EBA88}.Core|x64.Build.0 = Debug|Any CPU
		{3274914B-CF88-4101-A74E-D408D16EBA88}.Core|x86.ActiveCfg = Debug|Any CPU
		{3274914B-CF88-4101-A74E-D408D16EBA88}.Core|x86.Build.0 = Debug|Any CPU
		{3274914B-CF88-4101-A74E-D408D16EBA88}.Debug|Any CPU.ActiveCfg = Debug|Any CPU
		{3274914B-CF88-4101-A74E-D408D16EBA88}.Debug|Any CPU.Build.0 = Debug|Any CPU
		{3274914B-CF88-4101-A74E-D408D16EBA88}.Debug|ARM.ActiveCfg = Debug|Any CPU
		{3274914B-CF88-4101-A74E-D408D16EBA88}.Debug|ARM.Build.0 = Debug|Any CPU
		{3274914B-CF88-4101-A74E-D408D16EBA88}.Debug|x64.ActiveCfg = Debug|Any CPU
		{3274914B-CF88-4101-A74E-D408D16EBA88}.Debug|x64.Build.0 = Debug|Any CPU
		{3274914B-CF88-4101-A74E-D408D16EBA88}.Debug|x86.ActiveCfg = Debug|Any CPU
		{3274914B-CF88-4101-A74E-D408D16EBA88}.Debug|x86.Build.0 = Debug|Any CPU
		{3274914B-CF88-4101-A74E-D408D16EBA88}.DefaultBuild|Any CPU.ActiveCfg = Debug|Any CPU
		{3274914B-CF88-4101-A74E-D408D16EBA88}.DefaultBuild|Any CPU.Build.0 = Debug|Any CPU
		{3274914B-CF88-4101-A74E-D408D16EBA88}.DefaultBuild|ARM.ActiveCfg = Debug|Any CPU
		{3274914B-CF88-4101-A74E-D408D16EBA88}.DefaultBuild|ARM.Build.0 = Debug|Any CPU
		{3274914B-CF88-4101-A74E-D408D16EBA88}.DefaultBuild|x64.ActiveCfg = Debug|Any CPU
		{3274914B-CF88-4101-A74E-D408D16EBA88}.DefaultBuild|x64.Build.0 = Debug|Any CPU
		{3274914B-CF88-4101-A74E-D408D16EBA88}.DefaultBuild|x86.ActiveCfg = Debug|Any CPU
		{3274914B-CF88-4101-A74E-D408D16EBA88}.DefaultBuild|x86.Build.0 = Debug|Any CPU
		{3274914B-CF88-4101-A74E-D408D16EBA88}.MainProgramRelease|Any CPU.ActiveCfg = Release|Any CPU
		{3274914B-CF88-4101-A74E-D408D16EBA88}.MainProgramRelease|Any CPU.Build.0 = Release|Any CPU
		{3274914B-CF88-4101-A74E-D408D16EBA88}.MainProgramRelease|ARM.ActiveCfg = Release|Any CPU
		{3274914B-CF88-4101-A74E-D408D16EBA88}.MainProgramRelease|ARM.Build.0 = Release|Any CPU
		{3274914B-CF88-4101-A74E-D408D16EBA88}.MainProgramRelease|x64.ActiveCfg = Release|Any CPU
		{3274914B-CF88-4101-A74E-D408D16EBA88}.MainProgramRelease|x64.Build.0 = Release|Any CPU
		{3274914B-CF88-4101-A74E-D408D16EBA88}.MainProgramRelease|x86.ActiveCfg = Release|Any CPU
		{3274914B-CF88-4101-A74E-D408D16EBA88}.MainProgramRelease|x86.Build.0 = Release|Any CPU
		{3274914B-CF88-4101-A74E-D408D16EBA88}.Preview|Any CPU.ActiveCfg = Release|Any CPU
		{3274914B-CF88-4101-A74E-D408D16EBA88}.Preview|Any CPU.Build.0 = Release|Any CPU
		{3274914B-CF88-4101-A74E-D408D16EBA88}.Preview|ARM.ActiveCfg = Release|Any CPU
		{3274914B-CF88-4101-A74E-D408D16EBA88}.Preview|ARM.Build.0 = Release|Any CPU
		{3274914B-CF88-4101-A74E-D408D16EBA88}.Preview|x64.ActiveCfg = Release|Any CPU
		{3274914B-CF88-4101-A74E-D408D16EBA88}.Preview|x64.Build.0 = Release|Any CPU
		{3274914B-CF88-4101-A74E-D408D16EBA88}.Preview|x86.ActiveCfg = Release|Any CPU
		{3274914B-CF88-4101-A74E-D408D16EBA88}.Preview|x86.Build.0 = Release|Any CPU
		{3274914B-CF88-4101-A74E-D408D16EBA88}.Release|Any CPU.ActiveCfg = Release|Any CPU
		{3274914B-CF88-4101-A74E-D408D16EBA88}.Release|Any CPU.Build.0 = Release|Any CPU
		{3274914B-CF88-4101-A74E-D408D16EBA88}.Release|ARM.ActiveCfg = Release|Any CPU
		{3274914B-CF88-4101-A74E-D408D16EBA88}.Release|ARM.Build.0 = Release|Any CPU
		{3274914B-CF88-4101-A74E-D408D16EBA88}.Release|x64.ActiveCfg = Release|Any CPU
		{3274914B-CF88-4101-A74E-D408D16EBA88}.Release|x64.Build.0 = Release|Any CPU
		{3274914B-CF88-4101-A74E-D408D16EBA88}.Release|x86.ActiveCfg = Release|Any CPU
		{3274914B-CF88-4101-A74E-D408D16EBA88}.Release|x86.Build.0 = Release|Any CPU
		{3274914B-CF88-4101-A74E-D408D16EBA88}.SDK|Any CPU.ActiveCfg = Release|Any CPU
		{3274914B-CF88-4101-A74E-D408D16EBA88}.SDK|Any CPU.Build.0 = Release|Any CPU
		{3274914B-CF88-4101-A74E-D408D16EBA88}.SDK|ARM.ActiveCfg = Release|Any CPU
		{3274914B-CF88-4101-A74E-D408D16EBA88}.SDK|ARM.Build.0 = Release|Any CPU
		{3274914B-CF88-4101-A74E-D408D16EBA88}.SDK|x64.ActiveCfg = Release|Any CPU
		{3274914B-CF88-4101-A74E-D408D16EBA88}.SDK|x86.ActiveCfg = Release|Any CPU
		{3274914B-CF88-4101-A74E-D408D16EBA88}.SDK|x86.Build.0 = Release|Any CPU
		{0B61F868-4017-4AFD-89C5-15E08ECF441E}.All|Any CPU.ActiveCfg = Release|Any CPU
		{0B61F868-4017-4AFD-89C5-15E08ECF441E}.All|Any CPU.Build.0 = Release|Any CPU
		{0B61F868-4017-4AFD-89C5-15E08ECF441E}.All|ARM.ActiveCfg = Release|Any CPU
		{0B61F868-4017-4AFD-89C5-15E08ECF441E}.All|ARM.Build.0 = Release|Any CPU
		{0B61F868-4017-4AFD-89C5-15E08ECF441E}.All|x64.ActiveCfg = Release|Any CPU
		{0B61F868-4017-4AFD-89C5-15E08ECF441E}.All|x64.Build.0 = Release|Any CPU
		{0B61F868-4017-4AFD-89C5-15E08ECF441E}.All|x86.ActiveCfg = Release|Any CPU
		{0B61F868-4017-4AFD-89C5-15E08ECF441E}.All|x86.Build.0 = Release|Any CPU
		{0B61F868-4017-4AFD-89C5-15E08ECF441E}.Core|Any CPU.ActiveCfg = Release|Any CPU
		{0B61F868-4017-4AFD-89C5-15E08ECF441E}.Core|Any CPU.Build.0 = Release|Any CPU
		{0B61F868-4017-4AFD-89C5-15E08ECF441E}.Core|ARM.ActiveCfg = Release|Any CPU
		{0B61F868-4017-4AFD-89C5-15E08ECF441E}.Core|ARM.Build.0 = Release|Any CPU
		{0B61F868-4017-4AFD-89C5-15E08ECF441E}.Core|x64.ActiveCfg = Release|Any CPU
		{0B61F868-4017-4AFD-89C5-15E08ECF441E}.Core|x64.Build.0 = Release|Any CPU
		{0B61F868-4017-4AFD-89C5-15E08ECF441E}.Core|x86.ActiveCfg = Release|Any CPU
		{0B61F868-4017-4AFD-89C5-15E08ECF441E}.Core|x86.Build.0 = Release|Any CPU
		{0B61F868-4017-4AFD-89C5-15E08ECF441E}.Debug|Any CPU.ActiveCfg = Debug|Any CPU
		{0B61F868-4017-4AFD-89C5-15E08ECF441E}.Debug|Any CPU.Build.0 = Debug|Any CPU
		{0B61F868-4017-4AFD-89C5-15E08ECF441E}.Debug|ARM.ActiveCfg = Debug|Any CPU
		{0B61F868-4017-4AFD-89C5-15E08ECF441E}.Debug|ARM.Build.0 = Debug|Any CPU
		{0B61F868-4017-4AFD-89C5-15E08ECF441E}.Debug|x64.ActiveCfg = Debug|Any CPU
		{0B61F868-4017-4AFD-89C5-15E08ECF441E}.Debug|x64.Build.0 = Debug|Any CPU
		{0B61F868-4017-4AFD-89C5-15E08ECF441E}.Debug|x86.ActiveCfg = Debug|Any CPU
		{0B61F868-4017-4AFD-89C5-15E08ECF441E}.Debug|x86.Build.0 = Debug|Any CPU
		{0B61F868-4017-4AFD-89C5-15E08ECF441E}.DefaultBuild|Any CPU.ActiveCfg = Debug|Any CPU
		{0B61F868-4017-4AFD-89C5-15E08ECF441E}.DefaultBuild|Any CPU.Build.0 = Debug|Any CPU
		{0B61F868-4017-4AFD-89C5-15E08ECF441E}.DefaultBuild|ARM.ActiveCfg = Debug|Any CPU
		{0B61F868-4017-4AFD-89C5-15E08ECF441E}.DefaultBuild|ARM.Build.0 = Debug|Any CPU
		{0B61F868-4017-4AFD-89C5-15E08ECF441E}.DefaultBuild|x64.ActiveCfg = Debug|Any CPU
		{0B61F868-4017-4AFD-89C5-15E08ECF441E}.DefaultBuild|x64.Build.0 = Debug|Any CPU
		{0B61F868-4017-4AFD-89C5-15E08ECF441E}.DefaultBuild|x86.ActiveCfg = Debug|Any CPU
		{0B61F868-4017-4AFD-89C5-15E08ECF441E}.DefaultBuild|x86.Build.0 = Debug|Any CPU
		{0B61F868-4017-4AFD-89C5-15E08ECF441E}.MainProgramRelease|Any CPU.ActiveCfg = Release|Any CPU
		{0B61F868-4017-4AFD-89C5-15E08ECF441E}.MainProgramRelease|Any CPU.Build.0 = Release|Any CPU
		{0B61F868-4017-4AFD-89C5-15E08ECF441E}.MainProgramRelease|ARM.ActiveCfg = Release|Any CPU
		{0B61F868-4017-4AFD-89C5-15E08ECF441E}.MainProgramRelease|ARM.Build.0 = Release|Any CPU
		{0B61F868-4017-4AFD-89C5-15E08ECF441E}.MainProgramRelease|x64.ActiveCfg = Release|Any CPU
		{0B61F868-4017-4AFD-89C5-15E08ECF441E}.MainProgramRelease|x64.Build.0 = Release|Any CPU
		{0B61F868-4017-4AFD-89C5-15E08ECF441E}.MainProgramRelease|x86.ActiveCfg = Release|Any CPU
		{0B61F868-4017-4AFD-89C5-15E08ECF441E}.MainProgramRelease|x86.Build.0 = Release|Any CPU
		{0B61F868-4017-4AFD-89C5-15E08ECF441E}.Preview|Any CPU.ActiveCfg = Release|Any CPU
		{0B61F868-4017-4AFD-89C5-15E08ECF441E}.Preview|Any CPU.Build.0 = Release|Any CPU
		{0B61F868-4017-4AFD-89C5-15E08ECF441E}.Preview|ARM.ActiveCfg = Release|Any CPU
		{0B61F868-4017-4AFD-89C5-15E08ECF441E}.Preview|ARM.Build.0 = Release|Any CPU
		{0B61F868-4017-4AFD-89C5-15E08ECF441E}.Preview|x64.ActiveCfg = Preview|Any CPU
		{0B61F868-4017-4AFD-89C5-15E08ECF441E}.Preview|x64.Build.0 = Preview|Any CPU
		{0B61F868-4017-4AFD-89C5-15E08ECF441E}.Preview|x86.ActiveCfg = Release|Any CPU
		{0B61F868-4017-4AFD-89C5-15E08ECF441E}.Preview|x86.Build.0 = Release|Any CPU
		{0B61F868-4017-4AFD-89C5-15E08ECF441E}.Release|Any CPU.ActiveCfg = Release|Any CPU
		{0B61F868-4017-4AFD-89C5-15E08ECF441E}.Release|Any CPU.Build.0 = Release|Any CPU
		{0B61F868-4017-4AFD-89C5-15E08ECF441E}.Release|ARM.ActiveCfg = Release|Any CPU
		{0B61F868-4017-4AFD-89C5-15E08ECF441E}.Release|ARM.Build.0 = Release|Any CPU
		{0B61F868-4017-4AFD-89C5-15E08ECF441E}.Release|x64.ActiveCfg = Release|Any CPU
		{0B61F868-4017-4AFD-89C5-15E08ECF441E}.Release|x64.Build.0 = Release|Any CPU
		{0B61F868-4017-4AFD-89C5-15E08ECF441E}.Release|x86.ActiveCfg = Release|Any CPU
		{0B61F868-4017-4AFD-89C5-15E08ECF441E}.Release|x86.Build.0 = Release|Any CPU
		{0B61F868-4017-4AFD-89C5-15E08ECF441E}.SDK|Any CPU.ActiveCfg = Release|Any CPU
		{0B61F868-4017-4AFD-89C5-15E08ECF441E}.SDK|Any CPU.Build.0 = Release|Any CPU
		{0B61F868-4017-4AFD-89C5-15E08ECF441E}.SDK|ARM.ActiveCfg = Release|Any CPU
		{0B61F868-4017-4AFD-89C5-15E08ECF441E}.SDK|ARM.Build.0 = Release|Any CPU
		{0B61F868-4017-4AFD-89C5-15E08ECF441E}.SDK|x64.ActiveCfg = Release|Any CPU
		{0B61F868-4017-4AFD-89C5-15E08ECF441E}.SDK|x86.ActiveCfg = Release|Any CPU
		{0B61F868-4017-4AFD-89C5-15E08ECF441E}.SDK|x86.Build.0 = Release|Any CPU
		{57722F44-8DBE-46EE-8B7A-80237803A1EC}.All|Any CPU.ActiveCfg = Release|Any CPU
		{57722F44-8DBE-46EE-8B7A-80237803A1EC}.All|Any CPU.Build.0 = Release|Any CPU
		{57722F44-8DBE-46EE-8B7A-80237803A1EC}.All|ARM.ActiveCfg = Release|Any CPU
		{57722F44-8DBE-46EE-8B7A-80237803A1EC}.All|ARM.Build.0 = Release|Any CPU
		{57722F44-8DBE-46EE-8B7A-80237803A1EC}.All|x64.ActiveCfg = Release|Any CPU
		{57722F44-8DBE-46EE-8B7A-80237803A1EC}.All|x64.Build.0 = Release|Any CPU
		{57722F44-8DBE-46EE-8B7A-80237803A1EC}.All|x86.ActiveCfg = Release|Any CPU
		{57722F44-8DBE-46EE-8B7A-80237803A1EC}.All|x86.Build.0 = Release|Any CPU
		{57722F44-8DBE-46EE-8B7A-80237803A1EC}.Core|Any CPU.ActiveCfg = Release|Any CPU
		{57722F44-8DBE-46EE-8B7A-80237803A1EC}.Core|Any CPU.Build.0 = Release|Any CPU
		{57722F44-8DBE-46EE-8B7A-80237803A1EC}.Core|ARM.ActiveCfg = Release|Any CPU
		{57722F44-8DBE-46EE-8B7A-80237803A1EC}.Core|ARM.Build.0 = Release|Any CPU
		{57722F44-8DBE-46EE-8B7A-80237803A1EC}.Core|x64.ActiveCfg = Release|Any CPU
		{57722F44-8DBE-46EE-8B7A-80237803A1EC}.Core|x64.Build.0 = Release|Any CPU
		{57722F44-8DBE-46EE-8B7A-80237803A1EC}.Core|x86.ActiveCfg = Release|Any CPU
		{57722F44-8DBE-46EE-8B7A-80237803A1EC}.Core|x86.Build.0 = Release|Any CPU
		{57722F44-8DBE-46EE-8B7A-80237803A1EC}.Debug|Any CPU.ActiveCfg = Debug|Any CPU
		{57722F44-8DBE-46EE-8B7A-80237803A1EC}.Debug|Any CPU.Build.0 = Debug|Any CPU
		{57722F44-8DBE-46EE-8B7A-80237803A1EC}.Debug|ARM.ActiveCfg = Debug|Any CPU
		{57722F44-8DBE-46EE-8B7A-80237803A1EC}.Debug|ARM.Build.0 = Debug|Any CPU
		{57722F44-8DBE-46EE-8B7A-80237803A1EC}.Debug|x64.ActiveCfg = Debug|Any CPU
		{57722F44-8DBE-46EE-8B7A-80237803A1EC}.Debug|x64.Build.0 = Debug|Any CPU
		{57722F44-8DBE-46EE-8B7A-80237803A1EC}.Debug|x86.ActiveCfg = Debug|Any CPU
		{57722F44-8DBE-46EE-8B7A-80237803A1EC}.Debug|x86.Build.0 = Debug|Any CPU
		{57722F44-8DBE-46EE-8B7A-80237803A1EC}.DefaultBuild|Any CPU.ActiveCfg = Debug|Any CPU
		{57722F44-8DBE-46EE-8B7A-80237803A1EC}.DefaultBuild|Any CPU.Build.0 = Debug|Any CPU
		{57722F44-8DBE-46EE-8B7A-80237803A1EC}.DefaultBuild|ARM.ActiveCfg = Debug|Any CPU
		{57722F44-8DBE-46EE-8B7A-80237803A1EC}.DefaultBuild|ARM.Build.0 = Debug|Any CPU
		{57722F44-8DBE-46EE-8B7A-80237803A1EC}.DefaultBuild|x64.ActiveCfg = Debug|Any CPU
		{57722F44-8DBE-46EE-8B7A-80237803A1EC}.DefaultBuild|x64.Build.0 = Debug|Any CPU
		{57722F44-8DBE-46EE-8B7A-80237803A1EC}.DefaultBuild|x86.ActiveCfg = Debug|Any CPU
		{57722F44-8DBE-46EE-8B7A-80237803A1EC}.DefaultBuild|x86.Build.0 = Debug|Any CPU
		{57722F44-8DBE-46EE-8B7A-80237803A1EC}.MainProgramRelease|Any CPU.ActiveCfg = Release|Any CPU
		{57722F44-8DBE-46EE-8B7A-80237803A1EC}.MainProgramRelease|Any CPU.Build.0 = Release|Any CPU
		{57722F44-8DBE-46EE-8B7A-80237803A1EC}.MainProgramRelease|ARM.ActiveCfg = Release|Any CPU
		{57722F44-8DBE-46EE-8B7A-80237803A1EC}.MainProgramRelease|ARM.Build.0 = Release|Any CPU
		{57722F44-8DBE-46EE-8B7A-80237803A1EC}.MainProgramRelease|x64.ActiveCfg = Release|Any CPU
		{57722F44-8DBE-46EE-8B7A-80237803A1EC}.MainProgramRelease|x64.Build.0 = Release|Any CPU
		{57722F44-8DBE-46EE-8B7A-80237803A1EC}.MainProgramRelease|x86.ActiveCfg = Release|Any CPU
		{57722F44-8DBE-46EE-8B7A-80237803A1EC}.MainProgramRelease|x86.Build.0 = Release|Any CPU
		{57722F44-8DBE-46EE-8B7A-80237803A1EC}.Preview|Any CPU.ActiveCfg = Release|Any CPU
		{57722F44-8DBE-46EE-8B7A-80237803A1EC}.Preview|Any CPU.Build.0 = Release|Any CPU
		{57722F44-8DBE-46EE-8B7A-80237803A1EC}.Preview|ARM.ActiveCfg = Release|Any CPU
		{57722F44-8DBE-46EE-8B7A-80237803A1EC}.Preview|ARM.Build.0 = Release|Any CPU
		{57722F44-8DBE-46EE-8B7A-80237803A1EC}.Preview|x64.ActiveCfg = Release|Any CPU
		{57722F44-8DBE-46EE-8B7A-80237803A1EC}.Preview|x64.Build.0 = Release|Any CPU
		{57722F44-8DBE-46EE-8B7A-80237803A1EC}.Preview|x86.ActiveCfg = Release|Any CPU
		{57722F44-8DBE-46EE-8B7A-80237803A1EC}.Preview|x86.Build.0 = Release|Any CPU
		{57722F44-8DBE-46EE-8B7A-80237803A1EC}.Release|Any CPU.ActiveCfg = Release|Any CPU
		{57722F44-8DBE-46EE-8B7A-80237803A1EC}.Release|Any CPU.Build.0 = Release|Any CPU
		{57722F44-8DBE-46EE-8B7A-80237803A1EC}.Release|ARM.ActiveCfg = Release|Any CPU
		{57722F44-8DBE-46EE-8B7A-80237803A1EC}.Release|ARM.Build.0 = Release|Any CPU
		{57722F44-8DBE-46EE-8B7A-80237803A1EC}.Release|x64.ActiveCfg = Release|Any CPU
		{57722F44-8DBE-46EE-8B7A-80237803A1EC}.Release|x64.Build.0 = Release|Any CPU
		{57722F44-8DBE-46EE-8B7A-80237803A1EC}.Release|x86.ActiveCfg = Release|Any CPU
		{57722F44-8DBE-46EE-8B7A-80237803A1EC}.Release|x86.Build.0 = Release|Any CPU
		{57722F44-8DBE-46EE-8B7A-80237803A1EC}.SDK|Any CPU.ActiveCfg = Release|Any CPU
		{57722F44-8DBE-46EE-8B7A-80237803A1EC}.SDK|Any CPU.Build.0 = Release|Any CPU
		{57722F44-8DBE-46EE-8B7A-80237803A1EC}.SDK|ARM.ActiveCfg = Release|Any CPU
		{57722F44-8DBE-46EE-8B7A-80237803A1EC}.SDK|ARM.Build.0 = Release|Any CPU
		{57722F44-8DBE-46EE-8B7A-80237803A1EC}.SDK|x64.ActiveCfg = SDK|Any CPU
		{57722F44-8DBE-46EE-8B7A-80237803A1EC}.SDK|x64.Build.0 = SDK|Any CPU
		{57722F44-8DBE-46EE-8B7A-80237803A1EC}.SDK|x86.ActiveCfg = Release|Any CPU
		{57722F44-8DBE-46EE-8B7A-80237803A1EC}.SDK|x86.Build.0 = Release|Any CPU
	EndGlobalSection
	GlobalSection(SolutionProperties) = preSolution
		HideSolutionNode = FALSE
	EndGlobalSection
	GlobalSection(NestedProjects) = preSolution
		{55081483-1689-4E52-A4F1-22AB75FF8900} = {FCF05A08-6C3E-46DC-A99B-F72B56CD22EB}
		{8D9EB8B7-0271-4368-AA27-3DD6B62EEBDE} = {15CDF29D-896C-46F4-86D7-92FEED9D4C40}
		{8E101F07-8C10-4AB6-A427-F24618C25DE5} = {2377CBDA-1330-43FC-BBD0-9D6B26FD9DA2}
		{49E6D09E-B234-4AA4-97B0-E82FB60C36D2} = {2377CBDA-1330-43FC-BBD0-9D6B26FD9DA2}
		{B29DEA5D-D4C3-4C8B-810E-52466875835D} = {2377CBDA-1330-43FC-BBD0-9D6B26FD9DA2}
		{2CFF3B20-4778-47EF-8D8B-B106F7617954} = {B7A3E560-D3F6-4600-A222-2B4B15064381}
		{3274914B-CF88-4101-A74E-D408D16EBA88} = {FCF05A08-6C3E-46DC-A99B-F72B56CD22EB}
		{0B61F868-4017-4AFD-89C5-15E08ECF441E} = {15CDF29D-896C-46F4-86D7-92FEED9D4C40}
		{D6013EC3-DD68-4945-916D-F77F1EAD7FFF} = {2377CBDA-1330-43FC-BBD0-9D6B26FD9DA2}
		{57722F44-8DBE-46EE-8B7A-80237803A1EC} = {FCF05A08-6C3E-46DC-A99B-F72B56CD22EB}
	EndGlobalSection
	GlobalSection(ExtensibilityGlobals) = postSolution
		EnterpriseLibraryConfigurationToolBinariesPathV6 = packages\EnterpriseLibrary.Common.6.0.1304.0\lib\NET45;packages\EnterpriseLibrary.PolicyInjection.6.0.1304.0\lib\NET45
		SolutionGuid = {E8E55705-AE5C-4952-B4C7-9D7F81C38731}
	EndGlobalSection
EndGlobal
